
Microsoft Visual Studio Solution File, Format Version 12.00
# Visual Studio Version 17
VisualStudioVersion = 17.2.32516.85
MinimumVisualStudioVersion = 10.0.40219.1
Project("{FAE04EC0-301F-11D3-BF4B-00C04F79EFBC}") = "Lesson5.1", "Lesson5.1\Lesson5.1.csproj", "{FF800B3C-56DA-407A-9100-1AAF8AD3A271}"
EndProject
Project("{FAE04EC0-301F-11D3-BF4B-00C04F79EFBC}") = "Lesson5.2", "Lesson5.2\Lesson5.2.csproj", "{80B23F6A-53FE-4031-B5D4-8323F89EF278}"
EndProject
Project("{FAE04EC0-301F-11D3-BF4B-00C04F79EFBC}") = "Lesson5.3", "Lesson5.3\Lesson5.3.csproj", "{B78D7D40-9D0C-44C0-B220-38759501CADF}"
EndProject
Project("{FAE04EC0-301F-11D3-BF4B-00C04F79EFBC}") = "Lesson5.4", "Lesson5.4\Lesson5.4.csproj", "{C339F8C8-EC0F-4683-A629-28826A690F9D}"
EndProject
Project("{FAE04EC0-301F-11D3-BF4B-00C04F79EFBC}") = "Lesson5.5", "Lesson5.5\Lesson5.5.csproj", "{D664F3A6-646E-4EEE-8627-1C7D4399D528}"
EndProject
Project("{FAE04EC0-301F-11D3-BF4B-00C04F79EFBC}") = "Lesson5.6", "Lesson5.6\Lesson5.6.csproj", "{12217480-557D-4F51-A0FA-24DCD9632589}"
EndProject
Project("{FAE04EC0-301F-11D3-BF4B-00C04F79EFBC}") = "Lesson6.1", "Lesson6.1\Lesson6.1.csproj", "{B84CD442-8D8C-4479-B5DC-D53D4C4BBDF8}"
EndProject
Project("{FAE04EC0-301F-11D3-BF4B-00C04F79EFBC}") = "Lesson6.2", "Lesson6.2\Lesson6.2.csproj", "{FA51B139-C24F-47F0-B9AC-6C86EE0D9E0A}"
EndProject
Project("{FAE04EC0-301F-11D3-BF4B-00C04F79EFBC}") = "Lesson6.3", "Lesson6.3\Lesson6.3.csproj", "{078BD341-95A0-412C-A529-7825910189FB}"
EndProject
Project("{FAE04EC0-301F-11D3-BF4B-00C04F79EFBC}") = "Lesson6.4", "Lesson6.4\Lesson6.4.csproj", "{8482825A-3137-4D2D-AEA7-A3EA73AF257C}"
EndProject
Project("{FAE04EC0-301F-11D3-BF4B-00C04F79EFBC}") = "Lesson6.5", "Lesson6.5\Lesson6.5.csproj", "{AE54D6DD-A703-40A2-A665-342600DAAC90}"
EndProject
Project("{FAE04EC0-301F-11D3-BF4B-00C04F79EFBC}") = "Lesson6.6", "Lesson6.6\Lesson6.6.csproj", "{509FE19F-96E9-4D78-9B49-64809732918F}"
EndProject
Project("{FAE04EC0-301F-11D3-BF4B-00C04F79EFBC}") = "Lesson7.1", "Lesson7.1\Lesson7.1.csproj", "{BA266C6F-2DF2-4961-884A-913808926FFD}"
EndProject
Project("{FAE04EC0-301F-11D3-BF4B-00C04F79EFBC}") = "Lesson7.2", "Lesson7.2\Lesson7.2.csproj", "{E0D692BC-DECA-4879-8C07-2469C29B9270}"
EndProject
Project("{FAE04EC0-301F-11D3-BF4B-00C04F79EFBC}") = "Lesson7.3", "Lesson7.3\Lesson7.3.csproj", "{8C7D3A90-93F6-44AF-BB2D-D1C502D6D1E1}"
EndProject
Project("{FAE04EC0-301F-11D3-BF4B-00C04F79EFBC}") = "Lesson7.4", "Lesson7.4\Lesson7.4.csproj", "{64ACCA6A-3478-4622-890C-751162096142}"
EndProject
Project("{FAE04EC0-301F-11D3-BF4B-00C04F79EFBC}") = "Lesson7.5", "Lesson7.5\Lesson7.5.csproj", "{45FB5225-DE82-417C-AE9B-16D09B7BC4CC}"
EndProject
Project("{FAE04EC0-301F-11D3-BF4B-00C04F79EFBC}") = "Lesson7.6", "Lesson7.6\Lesson7.6.csproj", "{8C1B6468-814D-46A6-8B06-749ECF68F404}"
EndProject
Project("{FAE04EC0-301F-11D3-BF4B-00C04F79EFBC}") = "Lesson8.1", "Lesson8.1\Lesson8.1.csproj", "{0439CAD9-AA70-46E7-BD04-D70504F02465}"
EndProject
Project("{FAE04EC0-301F-11D3-BF4B-00C04F79EFBC}") = "Lesson8.2", "Lesson8.2\Lesson8.2.csproj", "{06664A66-A504-4236-93FC-E61001A7F391}"
EndProject
Project("{FAE04EC0-301F-11D3-BF4B-00C04F79EFBC}") = "Lesson8.3", "Lesson8.3\Lesson8.3.csproj", "{C2C1D66C-CE8C-4542-BF19-1252D7B07C3D}"
EndProject
Project("{FAE04EC0-301F-11D3-BF4B-00C04F79EFBC}") = "Lesson9.1", "Lesson9.1\Lesson9.1.csproj", "{B1B2C7D7-AC62-49E3-962E-9C088DFB0DD0}"
EndProject
Project("{FAE04EC0-301F-11D3-BF4B-00C04F79EFBC}") = "Lesson9.2", "Lesson9.2\Lesson9.2.csproj", "{59FC5874-50CC-4B90-A840-7E315354618C}"
EndProject
Project("{FAE04EC0-301F-11D3-BF4B-00C04F79EFBC}") = "Lesson9.3", "Lesson9.3\Lesson9.3.csproj", "{14D76BAC-53F2-4926-A9EB-0E716F46ED6D}"
EndProject
Project("{FAE04EC0-301F-11D3-BF4B-00C04F79EFBC}") = "Lesson9.4", "Lesson9.4\Lesson9.4.csproj", "{26958984-8CFB-494A-A00B-2F09045F1511}"
EndProject
Project("{FAE04EC0-301F-11D3-BF4B-00C04F79EFBC}") = "Lesson9.5", "Lesson9.5\Lesson9.5.csproj", "{FF5E37F7-FA15-4300-9EA3-CBA408DF3EC9}"
EndProject
Global
	GlobalSection(SolutionConfigurationPlatforms) = preSolution
		Debug|Any CPU = Debug|Any CPU
		Release|Any CPU = Release|Any CPU
	EndGlobalSection
	GlobalSection(ProjectConfigurationPlatforms) = postSolution
		{FF800B3C-56DA-407A-9100-1AAF8AD3A271}.Debug|Any CPU.ActiveCfg = Debug|Any CPU
		{FF800B3C-56DA-407A-9100-1AAF8AD3A271}.Debug|Any CPU.Build.0 = Debug|Any CPU
		{FF800B3C-56DA-407A-9100-1AAF8AD3A271}.Release|Any CPU.ActiveCfg = Release|Any CPU
		{FF800B3C-56DA-407A-9100-1AAF8AD3A271}.Release|Any CPU.Build.0 = Release|Any CPU
		{80B23F6A-53FE-4031-B5D4-8323F89EF278}.Debug|Any CPU.ActiveCfg = Debug|Any CPU
		{80B23F6A-53FE-4031-B5D4-8323F89EF278}.Debug|Any CPU.Build.0 = Debug|Any CPU
		{80B23F6A-53FE-4031-B5D4-8323F89EF278}.Release|Any CPU.ActiveCfg = Release|Any CPU
		{80B23F6A-53FE-4031-B5D4-8323F89EF278}.Release|Any CPU.Build.0 = Release|Any CPU
		{B78D7D40-9D0C-44C0-B220-38759501CADF}.Debug|Any CPU.ActiveCfg = Debug|Any CPU
		{B78D7D40-9D0C-44C0-B220-38759501CADF}.Debug|Any CPU.Build.0 = Debug|Any CPU
		{B78D7D40-9D0C-44C0-B220-38759501CADF}.Release|Any CPU.ActiveCfg = Release|Any CPU
		{B78D7D40-9D0C-44C0-B220-38759501CADF}.Release|Any CPU.Build.0 = Release|Any CPU
		{C339F8C8-EC0F-4683-A629-28826A690F9D}.Debug|Any CPU.ActiveCfg = Debug|Any CPU
		{C339F8C8-EC0F-4683-A629-28826A690F9D}.Debug|Any CPU.Build.0 = Debug|Any CPU
		{C339F8C8-EC0F-4683-A629-28826A690F9D}.Release|Any CPU.ActiveCfg = Release|Any CPU
		{C339F8C8-EC0F-4683-A629-28826A690F9D}.Release|Any CPU.Build.0 = Release|Any CPU
		{D664F3A6-646E-4EEE-8627-1C7D4399D528}.Debug|Any CPU.ActiveCfg = Debug|Any CPU
		{D664F3A6-646E-4EEE-8627-1C7D4399D528}.Debug|Any CPU.Build.0 = Debug|Any CPU
		{D664F3A6-646E-4EEE-8627-1C7D4399D528}.Release|Any CPU.ActiveCfg = Release|Any CPU
		{D664F3A6-646E-4EEE-8627-1C7D4399D528}.Release|Any CPU.Build.0 = Release|Any CPU
		{12217480-557D-4F51-A0FA-24DCD9632589}.Debug|Any CPU.ActiveCfg = Debug|Any CPU
		{12217480-557D-4F51-A0FA-24DCD9632589}.Debug|Any CPU.Build.0 = Debug|Any CPU
		{12217480-557D-4F51-A0FA-24DCD9632589}.Release|Any CPU.ActiveCfg = Release|Any CPU
		{12217480-557D-4F51-A0FA-24DCD9632589}.Release|Any CPU.Build.0 = Release|Any CPU
		{B84CD442-8D8C-4479-B5DC-D53D4C4BBDF8}.Debug|Any CPU.ActiveCfg = Debug|Any CPU
		{B84CD442-8D8C-4479-B5DC-D53D4C4BBDF8}.Debug|Any CPU.Build.0 = Debug|Any CPU
		{B84CD442-8D8C-4479-B5DC-D53D4C4BBDF8}.Release|Any CPU.ActiveCfg = Release|Any CPU
		{B84CD442-8D8C-4479-B5DC-D53D4C4BBDF8}.Release|Any CPU.Build.0 = Release|Any CPU
		{FA51B139-C24F-47F0-B9AC-6C86EE0D9E0A}.Debug|Any CPU.ActiveCfg = Debug|Any CPU
		{FA51B139-C24F-47F0-B9AC-6C86EE0D9E0A}.Debug|Any CPU.Build.0 = Debug|Any CPU
		{FA51B139-C24F-47F0-B9AC-6C86EE0D9E0A}.Release|Any CPU.ActiveCfg = Release|Any CPU
		{FA51B139-C24F-47F0-B9AC-6C86EE0D9E0A}.Release|Any CPU.Build.0 = Release|Any CPU
		{078BD341-95A0-412C-A529-7825910189FB}.Debug|Any CPU.ActiveCfg = Debug|Any CPU
		{078BD341-95A0-412C-A529-7825910189FB}.Debug|Any CPU.Build.0 = Debug|Any CPU
		{078BD341-95A0-412C-A529-7825910189FB}.Release|Any CPU.ActiveCfg = Release|Any CPU
		{078BD341-95A0-412C-A529-7825910189FB}.Release|Any CPU.Build.0 = Release|Any CPU
		{8482825A-3137-4D2D-AEA7-A3EA73AF257C}.Debug|Any CPU.ActiveCfg = Debug|Any CPU
		{8482825A-3137-4D2D-AEA7-A3EA73AF257C}.Debug|Any CPU.Build.0 = Debug|Any CPU
		{8482825A-3137-4D2D-AEA7-A3EA73AF257C}.Release|Any CPU.ActiveCfg = Release|Any CPU
		{8482825A-3137-4D2D-AEA7-A3EA73AF257C}.Release|Any CPU.Build.0 = Release|Any CPU
		{AE54D6DD-A703-40A2-A665-342600DAAC90}.Debug|Any CPU.ActiveCfg = Debug|Any CPU
		{AE54D6DD-A703-40A2-A665-342600DAAC90}.Debug|Any CPU.Build.0 = Debug|Any CPU
		{AE54D6DD-A703-40A2-A665-342600DAAC90}.Release|Any CPU.ActiveCfg = Release|Any CPU
		{AE54D6DD-A703-40A2-A665-342600DAAC90}.Release|Any CPU.Build.0 = Release|Any CPU
		{509FE19F-96E9-4D78-9B49-64809732918F}.Debug|Any CPU.ActiveCfg = Debug|Any CPU
		{509FE19F-96E9-4D78-9B49-64809732918F}.Debug|Any CPU.Build.0 = Debug|Any CPU
		{509FE19F-96E9-4D78-9B49-64809732918F}.Release|Any CPU.ActiveCfg = Release|Any CPU
		{509FE19F-96E9-4D78-9B49-64809732918F}.Release|Any CPU.Build.0 = Release|Any CPU
		{BA266C6F-2DF2-4961-884A-913808926FFD}.Debug|Any CPU.ActiveCfg = Debug|Any CPU
		{BA266C6F-2DF2-4961-884A-913808926FFD}.Debug|Any CPU.Build.0 = Debug|Any CPU
		{BA266C6F-2DF2-4961-884A-913808926FFD}.Release|Any CPU.ActiveCfg = Release|Any CPU
		{BA266C6F-2DF2-4961-884A-913808926FFD}.Release|Any CPU.Build.0 = Release|Any CPU
		{E0D692BC-DECA-4879-8C07-2469C29B9270}.Debug|Any CPU.ActiveCfg = Debug|Any CPU
		{E0D692BC-DECA-4879-8C07-2469C29B9270}.Debug|Any CPU.Build.0 = Debug|Any CPU
		{E0D692BC-DECA-4879-8C07-2469C29B9270}.Release|Any CPU.ActiveCfg = Release|Any CPU
		{E0D692BC-DECA-4879-8C07-2469C29B9270}.Release|Any CPU.Build.0 = Release|Any CPU
		{8C7D3A90-93F6-44AF-BB2D-D1C502D6D1E1}.Debug|Any CPU.ActiveCfg = Debug|Any CPU
		{8C7D3A90-93F6-44AF-BB2D-D1C502D6D1E1}.Debug|Any CPU.Build.0 = Debug|Any CPU
		{8C7D3A90-93F6-44AF-BB2D-D1C502D6D1E1}.Release|Any CPU.ActiveCfg = Release|Any CPU
		{8C7D3A90-93F6-44AF-BB2D-D1C502D6D1E1}.Release|Any CPU.Build.0 = Release|Any CPU
		{64ACCA6A-3478-4622-890C-751162096142}.Debug|Any CPU.ActiveCfg = Debug|Any CPU
		{64ACCA6A-3478-4622-890C-751162096142}.Debug|Any CPU.Build.0 = Debug|Any CPU
		{64ACCA6A-3478-4622-890C-751162096142}.Release|Any CPU.ActiveCfg = Release|Any CPU
		{64ACCA6A-3478-4622-890C-751162096142}.Release|Any CPU.Build.0 = Release|Any CPU
		{45FB5225-DE82-417C-AE9B-16D09B7BC4CC}.Debug|Any CPU.ActiveCfg = Debug|Any CPU
		{45FB5225-DE82-417C-AE9B-16D09B7BC4CC}.Debug|Any CPU.Build.0 = Debug|Any CPU
		{45FB5225-DE82-417C-AE9B-16D09B7BC4CC}.Release|Any CPU.ActiveCfg = Release|Any CPU
		{45FB5225-DE82-417C-AE9B-16D09B7BC4CC}.Release|Any CPU.Build.0 = Release|Any CPU
		{8C1B6468-814D-46A6-8B06-749ECF68F404}.Debug|Any CPU.ActiveCfg = Debug|Any CPU
		{8C1B6468-814D-46A6-8B06-749ECF68F404}.Debug|Any CPU.Build.0 = Debug|Any CPU
		{8C1B6468-814D-46A6-8B06-749ECF68F404}.Release|Any CPU.ActiveCfg = Release|Any CPU
		{8C1B6468-814D-46A6-8B06-749ECF68F404}.Release|Any CPU.Build.0 = Release|Any CPU
		{0439CAD9-AA70-46E7-BD04-D70504F02465}.Debug|Any CPU.ActiveCfg = Debug|Any CPU
		{0439CAD9-AA70-46E7-BD04-D70504F02465}.Debug|Any CPU.Build.0 = Debug|Any CPU
		{0439CAD9-AA70-46E7-BD04-D70504F02465}.Release|Any CPU.ActiveCfg = Release|Any CPU
		{0439CAD9-AA70-46E7-BD04-D70504F02465}.Release|Any CPU.Build.0 = Release|Any CPU
		{06664A66-A504-4236-93FC-E61001A7F391}.Debug|Any CPU.ActiveCfg = Debug|Any CPU
		{06664A66-A504-4236-93FC-E61001A7F391}.Debug|Any CPU.Build.0 = Debug|Any CPU
		{06664A66-A504-4236-93FC-E61001A7F391}.Release|Any CPU.ActiveCfg = Release|Any CPU
		{06664A66-A504-4236-93FC-E61001A7F391}.Release|Any CPU.Build.0 = Release|Any CPU
		{C2C1D66C-CE8C-4542-BF19-1252D7B07C3D}.Debug|Any CPU.ActiveCfg = Debug|Any CPU
		{C2C1D66C-CE8C-4542-BF19-1252D7B07C3D}.Debug|Any CPU.Build.0 = Debug|Any CPU
		{C2C1D66C-CE8C-4542-BF19-1252D7B07C3D}.Release|Any CPU.ActiveCfg = Release|Any CPU
		{C2C1D66C-CE8C-4542-BF19-1252D7B07C3D}.Release|Any CPU.Build.0 = Release|Any CPU
		{B1B2C7D7-AC62-49E3-962E-9C088DFB0DD0}.Debug|Any CPU.ActiveCfg = Debug|Any CPU
		{B1B2C7D7-AC62-49E3-962E-9C088DFB0DD0}.Debug|Any CPU.Build.0 = Debug|Any CPU
		{B1B2C7D7-AC62-49E3-962E-9C088DFB0DD0}.Release|Any CPU.ActiveCfg = Release|Any CPU
		{B1B2C7D7-AC62-49E3-962E-9C088DFB0DD0}.Release|Any CPU.Build.0 = Release|Any CPU
		{59FC5874-50CC-4B90-A840-7E315354618C}.Debug|Any CPU.ActiveCfg = Debug|Any CPU
		{59FC5874-50CC-4B90-A840-7E315354618C}.Debug|Any CPU.Build.0 = Debug|Any CPU
		{59FC5874-50CC-4B90-A840-7E315354618C}.Release|Any CPU.ActiveCfg = Release|Any CPU
		{59FC5874-50CC-4B90-A840-7E315354618C}.Release|Any CPU.Build.0 = Release|Any CPU
		{14D76BAC-53F2-4926-A9EB-0E716F46ED6D}.Debug|Any CPU.ActiveCfg = Debug|Any CPU
		{14D76BAC-53F2-4926-A9EB-0E716F46ED6D}.Debug|Any CPU.Build.0 = Debug|Any CPU
		{14D76BAC-53F2-4926-A9EB-0E716F46ED6D}.Release|Any CPU.ActiveCfg = Release|Any CPU
		{14D76BAC-53F2-4926-A9EB-0E716F46ED6D}.Release|Any CPU.Build.0 = Release|Any CPU
		{26958984-8CFB-494A-A00B-2F09045F1511}.Debug|Any CPU.ActiveCfg = Debug|Any CPU
		{26958984-8CFB-494A-A00B-2F09045F1511}.Debug|Any CPU.Build.0 = Debug|Any CPU
		{26958984-8CFB-494A-A00B-2F09045F1511}.Release|Any CPU.ActiveCfg = Release|Any CPU
		{26958984-8CFB-494A-A00B-2F09045F1511}.Release|Any CPU.Build.0 = Release|Any CPU
		{FF5E37F7-FA15-4300-9EA3-CBA408DF3EC9}.Debug|Any CPU.ActiveCfg = Debug|Any CPU
		{FF5E37F7-FA15-4300-9EA3-CBA408DF3EC9}.Debug|Any CPU.Build.0 = Debug|Any CPU
		{FF5E37F7-FA15-4300-9EA3-CBA408DF3EC9}.Release|Any CPU.ActiveCfg = Release|Any CPU
		{FF5E37F7-FA15-4300-9EA3-CBA408DF3EC9}.Release|Any CPU.Build.0 = Release|Any CPU
	EndGlobalSection
	GlobalSection(SolutionProperties) = preSolution
		HideSolutionNode = FALSE
	EndGlobalSection
	GlobalSection(ExtensibilityGlobals) = postSolution
		SolutionGuid = {1020EC33-5988-4C08-8CF5-48A6F6582553}
	EndGlobalSection
EndGlobal
